
Microsoft Visual Studio Solution File, Format Version 12.00
# Visual Studio 14
VisualStudioVersion = 14.0.25420.1
MinimumVisualStudioVersion = 10.0.40219.1
Project("{D954291E-2A0B-460D-934E-DC6B0785DB48}") = "ExampleAzure", "ExampleAzure\ExampleAzure\ExampleAzure.shproj", "{DC43D935-344B-4393-9FAA-438B83689F1A}"
EndProject
Project("{FAE04EC0-301F-11D3-BF4B-00C04F79EFBC}") = "ExampleAzure.Droid", "ExampleAzure\ExampleAzure.Droid\ExampleAzure.Droid.csproj", "{277974EB-08EE-4E4D-AC61-16006FF7C388}"
EndProject
Project("{FAE04EC0-301F-11D3-BF4B-00C04F79EFBC}") = "ExampleAzure.iOS", "ExampleAzure\ExampleAzure.iOS\ExampleAzure.iOS.csproj", "{92F9EAAD-C53C-42CD-9546-B5275320ED37}"
EndProject
Project("{FAE04EC0-301F-11D3-BF4B-00C04F79EFBC}") = "ExampleAzure.WinPhone", "ExampleAzure\ExampleAzure.WinPhone\ExampleAzure.WinPhone.csproj", "{FDA37093-F043-4B00-B532-12D4F6D4A867}"
EndProject
Project("{FAE04EC0-301F-11D3-BF4B-00C04F79EFBC}") = "ExampleAzure.UWP", "ExampleAzure\ExampleAzure.UWP\ExampleAzure.UWP.csproj", "{92F9FEB4-43A3-4FE8-9CF2-007EED50CAA6}"
EndProject
Project("{FAE04EC0-301F-11D3-BF4B-00C04F79EFBC}") = "ExampleAzure.Windows", "ExampleAzure\ExampleAzure.Windows\ExampleAzure.Windows.csproj", "{41C97429-BBCC-4794-9071-89194F42FB83}"
EndProject
Global
	GlobalSection(SharedMSBuildProjectFiles) = preSolution
		ExampleAzure\ExampleAzure\ExampleAzure.projitems*{277974eb-08ee-4e4d-ac61-16006ff7c388}*SharedItemsImports = 4
		ExampleAzure\ExampleAzure\ExampleAzure.projitems*{92f9eaad-c53c-42cd-9546-b5275320ed37}*SharedItemsImports = 4
		ExampleAzure\ExampleAzure\ExampleAzure.projitems*{dc43d935-344b-4393-9faa-438b83689f1a}*SharedItemsImports = 13
	EndGlobalSection
	GlobalSection(SolutionConfigurationPlatforms) = preSolution
		Ad-Hoc|Any CPU = Ad-Hoc|Any CPU
		Ad-Hoc|ARM = Ad-Hoc|ARM
		Ad-Hoc|iPhone = Ad-Hoc|iPhone
		Ad-Hoc|iPhoneSimulator = Ad-Hoc|iPhoneSimulator
		Ad-Hoc|x64 = Ad-Hoc|x64
		Ad-Hoc|x86 = Ad-Hoc|x86
		AppStore|Any CPU = AppStore|Any CPU
		AppStore|ARM = AppStore|ARM
		AppStore|iPhone = AppStore|iPhone
		AppStore|iPhoneSimulator = AppStore|iPhoneSimulator
		AppStore|x64 = AppStore|x64
		AppStore|x86 = AppStore|x86
		Debug|Any CPU = Debug|Any CPU
		Debug|ARM = Debug|ARM
		Debug|iPhone = Debug|iPhone
		Debug|iPhoneSimulator = Debug|iPhoneSimulator
		Debug|x64 = Debug|x64
		Debug|x86 = Debug|x86
		Release|Any CPU = Release|Any CPU
		Release|ARM = Release|ARM
		Release|iPhone = Release|iPhone
		Release|iPhoneSimulator = Release|iPhoneSimulator
		Release|x64 = Release|x64
		Release|x86 = Release|x86
	EndGlobalSection
	GlobalSection(ProjectConfigurationPlatforms) = postSolution
		{277974EB-08EE-4E4D-AC61-16006FF7C388}.Ad-Hoc|Any CPU.ActiveCfg = Release|Any CPU
		{277974EB-08EE-4E4D-AC61-16006FF7C388}.Ad-Hoc|Any CPU.Build.0 = Release|Any CPU
		{277974EB-08EE-4E4D-AC61-16006FF7C388}.Ad-Hoc|Any CPU.Deploy.0 = Release|Any CPU
		{277974EB-08EE-4E4D-AC61-16006FF7C388}.Ad-Hoc|ARM.ActiveCfg = Release|Any CPU
		{277974EB-08EE-4E4D-AC61-16006FF7C388}.Ad-Hoc|ARM.Build.0 = Release|Any CPU
		{277974EB-08EE-4E4D-AC61-16006FF7C388}.Ad-Hoc|ARM.Deploy.0 = Release|Any CPU
		{277974EB-08EE-4E4D-AC61-16006FF7C388}.Ad-Hoc|iPhone.ActiveCfg = Release|Any CPU
		{277974EB-08EE-4E4D-AC61-16006FF7C388}.Ad-Hoc|iPhone.Build.0 = Release|Any CPU
		{277974EB-08EE-4E4D-AC61-16006FF7C388}.Ad-Hoc|iPhone.Deploy.0 = Release|Any CPU
		{277974EB-08EE-4E4D-AC61-16006FF7C388}.Ad-Hoc|iPhoneSimulator.ActiveCfg = Release|Any CPU
		{277974EB-08EE-4E4D-AC61-16006FF7C388}.Ad-Hoc|iPhoneSimulator.Build.0 = Release|Any CPU
		{277974EB-08EE-4E4D-AC61-16006FF7C388}.Ad-Hoc|iPhoneSimulator.Deploy.0 = Release|Any CPU
		{277974EB-08EE-4E4D-AC61-16006FF7C388}.Ad-Hoc|x64.ActiveCfg = Release|Any CPU
		{277974EB-08EE-4E4D-AC61-16006FF7C388}.Ad-Hoc|x64.Build.0 = Release|Any CPU
		{277974EB-08EE-4E4D-AC61-16006FF7C388}.Ad-Hoc|x64.Deploy.0 = Release|Any CPU
		{277974EB-08EE-4E4D-AC61-16006FF7C388}.Ad-Hoc|x86.ActiveCfg = Release|Any CPU
		{277974EB-08EE-4E4D-AC61-16006FF7C388}.Ad-Hoc|x86.Build.0 = Release|Any CPU
		{277974EB-08EE-4E4D-AC61-16006FF7C388}.Ad-Hoc|x86.Deploy.0 = Release|Any CPU
		{277974EB-08EE-4E4D-AC61-16006FF7C388}.AppStore|Any CPU.ActiveCfg = Release|Any CPU
		{277974EB-08EE-4E4D-AC61-16006FF7C388}.AppStore|Any CPU.Build.0 = Release|Any CPU
		{277974EB-08EE-4E4D-AC61-16006FF7C388}.AppStore|Any CPU.Deploy.0 = Release|Any CPU
		{277974EB-08EE-4E4D-AC61-16006FF7C388}.AppStore|ARM.ActiveCfg = Release|Any CPU
		{277974EB-08EE-4E4D-AC61-16006FF7C388}.AppStore|ARM.Build.0 = Release|Any CPU
		{277974EB-08EE-4E4D-AC61-16006FF7C388}.AppStore|ARM.Deploy.0 = Release|Any CPU
		{277974EB-08EE-4E4D-AC61-16006FF7C388}.AppStore|iPhone.ActiveCfg = Release|Any CPU
		{277974EB-08EE-4E4D-AC61-16006FF7C388}.AppStore|iPhone.Build.0 = Release|Any CPU
		{277974EB-08EE-4E4D-AC61-16006FF7C388}.AppStore|iPhone.Deploy.0 = Release|Any CPU
		{277974EB-08EE-4E4D-AC61-16006FF7C388}.AppStore|iPhoneSimulator.ActiveCfg = Release|Any CPU
		{277974EB-08EE-4E4D-AC61-16006FF7C388}.AppStore|iPhoneSimulator.Build.0 = Release|Any CPU
		{277974EB-08EE-4E4D-AC61-16006FF7C388}.AppStore|iPhoneSimulator.Deploy.0 = Release|Any CPU
		{277974EB-08EE-4E4D-AC61-16006FF7C388}.AppStore|x64.ActiveCfg = Release|Any CPU
		{277974EB-08EE-4E4D-AC61-16006FF7C388}.AppStore|x64.Build.0 = Release|Any CPU
		{277974EB-08EE-4E4D-AC61-16006FF7C388}.AppStore|x64.Deploy.0 = Release|Any CPU
		{277974EB-08EE-4E4D-AC61-16006FF7C388}.AppStore|x86.ActiveCfg = Release|Any CPU
		{277974EB-08EE-4E4D-AC61-16006FF7C388}.AppStore|x86.Build.0 = Release|Any CPU
		{277974EB-08EE-4E4D-AC61-16006FF7C388}.AppStore|x86.Deploy.0 = Release|Any CPU
		{277974EB-08EE-4E4D-AC61-16006FF7C388}.Debug|Any CPU.ActiveCfg = Debug|Any CPU
		{277974EB-08EE-4E4D-AC61-16006FF7C388}.Debug|Any CPU.Build.0 = Debug|Any CPU
		{277974EB-08EE-4E4D-AC61-16006FF7C388}.Debug|Any CPU.Deploy.0 = Debug|Any CPU
		{277974EB-08EE-4E4D-AC61-16006FF7C388}.Debug|ARM.ActiveCfg = Debug|Any CPU
		{277974EB-08EE-4E4D-AC61-16006FF7C388}.Debug|ARM.Build.0 = Debug|Any CPU
		{277974EB-08EE-4E4D-AC61-16006FF7C388}.Debug|ARM.Deploy.0 = Debug|Any CPU
		{277974EB-08EE-4E4D-AC61-16006FF7C388}.Debug|iPhone.ActiveCfg = Debug|Any CPU
		{277974EB-08EE-4E4D-AC61-16006FF7C388}.Debug|iPhone.Build.0 = Debug|Any CPU
		{277974EB-08EE-4E4D-AC61-16006FF7C388}.Debug|iPhone.Deploy.0 = Debug|Any CPU
		{277974EB-08EE-4E4D-AC61-16006FF7C388}.Debug|iPhoneSimulator.ActiveCfg = Debug|Any CPU
		{277974EB-08EE-4E4D-AC61-16006FF7C388}.Debug|iPhoneSimulator.Build.0 = Debug|Any CPU
		{277974EB-08EE-4E4D-AC61-16006FF7C388}.Debug|iPhoneSimulator.Deploy.0 = Debug|Any CPU
		{277974EB-08EE-4E4D-AC61-16006FF7C388}.Debug|x64.ActiveCfg = Debug|Any CPU
		{277974EB-08EE-4E4D-AC61-16006FF7C388}.Debug|x64.Build.0 = Debug|Any CPU
		{277974EB-08EE-4E4D-AC61-16006FF7C388}.Debug|x64.Deploy.0 = Debug|Any CPU
		{277974EB-08EE-4E4D-AC61-16006FF7C388}.Debug|x86.ActiveCfg = Debug|Any CPU
		{277974EB-08EE-4E4D-AC61-16006FF7C388}.Debug|x86.Build.0 = Debug|Any CPU
		{277974EB-08EE-4E4D-AC61-16006FF7C388}.Debug|x86.Deploy.0 = Debug|Any CPU
		{277974EB-08EE-4E4D-AC61-16006FF7C388}.Release|Any CPU.ActiveCfg = Release|Any CPU
		{277974EB-08EE-4E4D-AC61-16006FF7C388}.Release|Any CPU.Build.0 = Release|Any CPU
		{277974EB-08EE-4E4D-AC61-16006FF7C388}.Release|Any CPU.Deploy.0 = Release|Any CPU
		{277974EB-08EE-4E4D-AC61-16006FF7C388}.Release|ARM.ActiveCfg = Release|Any CPU
		{277974EB-08EE-4E4D-AC61-16006FF7C388}.Release|ARM.Build.0 = Release|Any CPU
		{277974EB-08EE-4E4D-AC61-16006FF7C388}.Release|ARM.Deploy.0 = Release|Any CPU
		{277974EB-08EE-4E4D-AC61-16006FF7C388}.Release|iPhone.ActiveCfg = Release|Any CPU
		{277974EB-08EE-4E4D-AC61-16006FF7C388}.Release|iPhone.Build.0 = Release|Any CPU
		{277974EB-08EE-4E4D-AC61-16006FF7C388}.Release|iPhone.Deploy.0 = Release|Any CPU
		{277974EB-08EE-4E4D-AC61-16006FF7C388}.Release|iPhoneSimulator.ActiveCfg = Release|Any CPU
		{277974EB-08EE-4E4D-AC61-16006FF7C388}.Release|iPhoneSimulator.Build.0 = Release|Any CPU
		{277974EB-08EE-4E4D-AC61-16006FF7C388}.Release|iPhoneSimulator.Deploy.0 = Release|Any CPU
		{277974EB-08EE-4E4D-AC61-16006FF7C388}.Release|x64.ActiveCfg = Release|Any CPU
		{277974EB-08EE-4E4D-AC61-16006FF7C388}.Release|x64.Build.0 = Release|Any CPU
		{277974EB-08EE-4E4D-AC61-16006FF7C388}.Release|x64.Deploy.0 = Release|Any CPU
		{277974EB-08EE-4E4D-AC61-16006FF7C388}.Release|x86.ActiveCfg = Release|Any CPU
		{277974EB-08EE-4E4D-AC61-16006FF7C388}.Release|x86.Build.0 = Release|Any CPU
		{277974EB-08EE-4E4D-AC61-16006FF7C388}.Release|x86.Deploy.0 = Release|Any CPU
		{92F9EAAD-C53C-42CD-9546-B5275320ED37}.Ad-Hoc|Any CPU.ActiveCfg = Ad-Hoc|iPhone
		{92F9EAAD-C53C-42CD-9546-B5275320ED37}.Ad-Hoc|ARM.ActiveCfg = Ad-Hoc|iPhone
		{92F9EAAD-C53C-42CD-9546-B5275320ED37}.Ad-Hoc|iPhone.ActiveCfg = Ad-Hoc|iPhone
		{92F9EAAD-C53C-42CD-9546-B5275320ED37}.Ad-Hoc|iPhone.Build.0 = Ad-Hoc|iPhone
		{92F9EAAD-C53C-42CD-9546-B5275320ED37}.Ad-Hoc|iPhoneSimulator.ActiveCfg = Ad-Hoc|iPhoneSimulator
		{92F9EAAD-C53C-42CD-9546-B5275320ED37}.Ad-Hoc|iPhoneSimulator.Build.0 = Ad-Hoc|iPhoneSimulator
		{92F9EAAD-C53C-42CD-9546-B5275320ED37}.Ad-Hoc|x64.ActiveCfg = Ad-Hoc|iPhone
		{92F9EAAD-C53C-42CD-9546-B5275320ED37}.Ad-Hoc|x86.ActiveCfg = Ad-Hoc|iPhone
		{92F9EAAD-C53C-42CD-9546-B5275320ED37}.AppStore|Any CPU.ActiveCfg = AppStore|iPhone
		{92F9EAAD-C53C-42CD-9546-B5275320ED37}.AppStore|ARM.ActiveCfg = AppStore|iPhone
		{92F9EAAD-C53C-42CD-9546-B5275320ED37}.AppStore|iPhone.ActiveCfg = AppStore|iPhone
		{92F9EAAD-C53C-42CD-9546-B5275320ED37}.AppStore|iPhone.Build.0 = AppStore|iPhone
		{92F9EAAD-C53C-42CD-9546-B5275320ED37}.AppStore|iPhoneSimulator.ActiveCfg = AppStore|iPhoneSimulator
		{92F9EAAD-C53C-42CD-9546-B5275320ED37}.AppStore|iPhoneSimulator.Build.0 = AppStore|iPhoneSimulator
		{92F9EAAD-C53C-42CD-9546-B5275320ED37}.AppStore|x64.ActiveCfg = AppStore|iPhone
		{92F9EAAD-C53C-42CD-9546-B5275320ED37}.AppStore|x86.ActiveCfg = AppStore|iPhone
		{92F9EAAD-C53C-42CD-9546-B5275320ED37}.Debug|Any CPU.ActiveCfg = Debug|iPhone
		{92F9EAAD-C53C-42CD-9546-B5275320ED37}.Debug|ARM.ActiveCfg = Debug|iPhone
		{92F9EAAD-C53C-42CD-9546-B5275320ED37}.Debug|iPhone.ActiveCfg = Debug|iPhone
		{92F9EAAD-C53C-42CD-9546-B5275320ED37}.Debug|iPhone.Build.0 = Debug|iPhone
		{92F9EAAD-C53C-42CD-9546-B5275320ED37}.Debug|iPhoneSimulator.ActiveCfg = Debug|iPhoneSimulator
		{92F9EAAD-C53C-42CD-9546-B5275320ED37}.Debug|iPhoneSimulator.Build.0 = Debug|iPhoneSimulator
		{92F9EAAD-C53C-42CD-9546-B5275320ED37}.Debug|x64.ActiveCfg = Debug|iPhone
		{92F9EAAD-C53C-42CD-9546-B5275320ED37}.Debug|x86.ActiveCfg = Debug|iPhone
		{92F9EAAD-C53C-42CD-9546-B5275320ED37}.Release|Any CPU.ActiveCfg = Release|iPhone
		{92F9EAAD-C53C-42CD-9546-B5275320ED37}.Release|ARM.ActiveCfg = Release|iPhone
		{92F9EAAD-C53C-42CD-9546-B5275320ED37}.Release|iPhone.ActiveCfg = Release|iPhone
		{92F9EAAD-C53C-42CD-9546-B5275320ED37}.Release|iPhone.Build.0 = Release|iPhone
		{92F9EAAD-C53C-42CD-9546-B5275320ED37}.Release|iPhoneSimulator.ActiveCfg = Release|iPhoneSimulator
		{92F9EAAD-C53C-42CD-9546-B5275320ED37}.Release|iPhoneSimulator.Build.0 = Release|iPhoneSimulator
		{92F9EAAD-C53C-42CD-9546-B5275320ED37}.Release|x64.ActiveCfg = Release|iPhone
		{92F9EAAD-C53C-42CD-9546-B5275320ED37}.Release|x86.ActiveCfg = Release|iPhone
		{FDA37093-F043-4B00-B532-12D4F6D4A867}.Ad-Hoc|Any CPU.ActiveCfg = Release|Any CPU
		{FDA37093-F043-4B00-B532-12D4F6D4A867}.Ad-Hoc|Any CPU.Build.0 = Release|Any CPU
		{FDA37093-F043-4B00-B532-12D4F6D4A867}.Ad-Hoc|Any CPU.Deploy.0 = Release|Any CPU
		{FDA37093-F043-4B00-B532-12D4F6D4A867}.Ad-Hoc|ARM.ActiveCfg = Release|ARM
		{FDA37093-F043-4B00-B532-12D4F6D4A867}.Ad-Hoc|ARM.Build.0 = Release|ARM
		{FDA37093-F043-4B00-B532-12D4F6D4A867}.Ad-Hoc|ARM.Deploy.0 = Release|ARM
		{FDA37093-F043-4B00-B532-12D4F6D4A867}.Ad-Hoc|iPhone.ActiveCfg = Release|Any CPU
		{FDA37093-F043-4B00-B532-12D4F6D4A867}.Ad-Hoc|iPhone.Build.0 = Release|Any CPU
		{FDA37093-F043-4B00-B532-12D4F6D4A867}.Ad-Hoc|iPhone.Deploy.0 = Release|Any CPU
		{FDA37093-F043-4B00-B532-12D4F6D4A867}.Ad-Hoc|iPhoneSimulator.ActiveCfg = Release|Any CPU
		{FDA37093-F043-4B00-B532-12D4F6D4A867}.Ad-Hoc|iPhoneSimulator.Build.0 = Release|Any CPU
		{FDA37093-F043-4B00-B532-12D4F6D4A867}.Ad-Hoc|iPhoneSimulator.Deploy.0 = Release|Any CPU
		{FDA37093-F043-4B00-B532-12D4F6D4A867}.Ad-Hoc|x64.ActiveCfg = Release|Any CPU
		{FDA37093-F043-4B00-B532-12D4F6D4A867}.Ad-Hoc|x64.Build.0 = Release|Any CPU
		{FDA37093-F043-4B00-B532-12D4F6D4A867}.Ad-Hoc|x64.Deploy.0 = Release|Any CPU
		{FDA37093-F043-4B00-B532-12D4F6D4A867}.Ad-Hoc|x86.ActiveCfg = Release|x86
		{FDA37093-F043-4B00-B532-12D4F6D4A867}.Ad-Hoc|x86.Build.0 = Release|x86
		{FDA37093-F043-4B00-B532-12D4F6D4A867}.Ad-Hoc|x86.Deploy.0 = Release|x86
		{FDA37093-F043-4B00-B532-12D4F6D4A867}.AppStore|Any CPU.ActiveCfg = Release|Any CPU
		{FDA37093-F043-4B00-B532-12D4F6D4A867}.AppStore|Any CPU.Build.0 = Release|Any CPU
		{FDA37093-F043-4B00-B532-12D4F6D4A867}.AppStore|Any CPU.Deploy.0 = Release|Any CPU
		{FDA37093-F043-4B00-B532-12D4F6D4A867}.AppStore|ARM.ActiveCfg = Release|ARM
		{FDA37093-F043-4B00-B532-12D4F6D4A867}.AppStore|ARM.Build.0 = Release|ARM
		{FDA37093-F043-4B00-B532-12D4F6D4A867}.AppStore|ARM.Deploy.0 = Release|ARM
		{FDA37093-F043-4B00-B532-12D4F6D4A867}.AppStore|iPhone.ActiveCfg = Release|Any CPU
		{FDA37093-F043-4B00-B532-12D4F6D4A867}.AppStore|iPhone.Build.0 = Release|Any CPU
		{FDA37093-F043-4B00-B532-12D4F6D4A867}.AppStore|iPhone.Deploy.0 = Release|Any CPU
		{FDA37093-F043-4B00-B532-12D4F6D4A867}.AppStore|iPhoneSimulator.ActiveCfg = Release|Any CPU
		{FDA37093-F043-4B00-B532-12D4F6D4A867}.AppStore|iPhoneSimulator.Build.0 = Release|Any CPU
		{FDA37093-F043-4B00-B532-12D4F6D4A867}.AppStore|iPhoneSimulator.Deploy.0 = Release|Any CPU
		{FDA37093-F043-4B00-B532-12D4F6D4A867}.AppStore|x64.ActiveCfg = Release|Any CPU
		{FDA37093-F043-4B00-B532-12D4F6D4A867}.AppStore|x64.Build.0 = Release|Any CPU
		{FDA37093-F043-4B00-B532-12D4F6D4A867}.AppStore|x64.Deploy.0 = Release|Any CPU
		{FDA37093-F043-4B00-B532-12D4F6D4A867}.AppStore|x86.ActiveCfg = Release|x86
		{FDA37093-F043-4B00-B532-12D4F6D4A867}.AppStore|x86.Build.0 = Release|x86
		{FDA37093-F043-4B00-B532-12D4F6D4A867}.AppStore|x86.Deploy.0 = Release|x86
		{FDA37093-F043-4B00-B532-12D4F6D4A867}.Debug|Any CPU.ActiveCfg = Debug|Any CPU
		{FDA37093-F043-4B00-B532-12D4F6D4A867}.Debug|Any CPU.Build.0 = Debug|Any CPU
		{FDA37093-F043-4B00-B532-12D4F6D4A867}.Debug|Any CPU.Deploy.0 = Debug|Any CPU
		{FDA37093-F043-4B00-B532-12D4F6D4A867}.Debug|ARM.ActiveCfg = Debug|ARM
		{FDA37093-F043-4B00-B532-12D4F6D4A867}.Debug|ARM.Build.0 = Debug|ARM
		{FDA37093-F043-4B00-B532-12D4F6D4A867}.Debug|ARM.Deploy.0 = Debug|ARM
		{FDA37093-F043-4B00-B532-12D4F6D4A867}.Debug|iPhone.ActiveCfg = Debug|Any CPU
		{FDA37093-F043-4B00-B532-12D4F6D4A867}.Debug|iPhone.Build.0 = Debug|Any CPU
		{FDA37093-F043-4B00-B532-12D4F6D4A867}.Debug|iPhone.Deploy.0 = Debug|Any CPU
		{FDA37093-F043-4B00-B532-12D4F6D4A867}.Debug|iPhoneSimulator.ActiveCfg = Debug|Any CPU
		{FDA37093-F043-4B00-B532-12D4F6D4A867}.Debug|iPhoneSimulator.Build.0 = Debug|Any CPU
		{FDA37093-F043-4B00-B532-12D4F6D4A867}.Debug|iPhoneSimulator.Deploy.0 = Debug|Any CPU
		{FDA37093-F043-4B00-B532-12D4F6D4A867}.Debug|x64.ActiveCfg = Debug|Any CPU
		{FDA37093-F043-4B00-B532-12D4F6D4A867}.Debug|x64.Build.0 = Debug|Any CPU
		{FDA37093-F043-4B00-B532-12D4F6D4A867}.Debug|x64.Deploy.0 = Debug|Any CPU
		{FDA37093-F043-4B00-B532-12D4F6D4A867}.Debug|x86.ActiveCfg = Debug|x86
		{FDA37093-F043-4B00-B532-12D4F6D4A867}.Debug|x86.Build.0 = Debug|x86
		{FDA37093-F043-4B00-B532-12D4F6D4A867}.Debug|x86.Deploy.0 = Debug|x86
		{FDA37093-F043-4B00-B532-12D4F6D4A867}.Release|Any CPU.ActiveCfg = Release|Any CPU
		{FDA37093-F043-4B00-B532-12D4F6D4A867}.Release|Any CPU.Build.0 = Release|Any CPU
		{FDA37093-F043-4B00-B532-12D4F6D4A867}.Release|Any CPU.Deploy.0 = Release|Any CPU
		{FDA37093-F043-4B00-B532-12D4F6D4A867}.Release|ARM.ActiveCfg = Release|ARM
		{FDA37093-F043-4B00-B532-12D4F6D4A867}.Release|ARM.Build.0 = Release|ARM
		{FDA37093-F043-4B00-B532-12D4F6D4A867}.Release|ARM.Deploy.0 = Release|ARM
		{FDA37093-F043-4B00-B532-12D4F6D4A867}.Release|iPhone.ActiveCfg = Release|Any CPU
		{FDA37093-F043-4B00-B532-12D4F6D4A867}.Release|iPhone.Build.0 = Release|Any CPU
		{FDA37093-F043-4B00-B532-12D4F6D4A867}.Release|iPhone.Deploy.0 = Release|Any CPU
		{FDA37093-F043-4B00-B532-12D4F6D4A867}.Release|iPhoneSimulator.ActiveCfg = Release|Any CPU
		{FDA37093-F043-4B00-B532-12D4F6D4A867}.Release|iPhoneSimulator.Build.0 = Release|Any CPU
		{FDA37093-F043-4B00-B532-12D4F6D4A867}.Release|iPhoneSimulator.Deploy.0 = Release|Any CPU
		{FDA37093-F043-4B00-B532-12D4F6D4A867}.Release|x64.ActiveCfg = Release|Any CPU
		{FDA37093-F043-4B00-B532-12D4F6D4A867}.Release|x64.Build.0 = Release|Any CPU
		{FDA37093-F043-4B00-B532-12D4F6D4A867}.Release|x64.Deploy.0 = Release|Any CPU
		{FDA37093-F043-4B00-B532-12D4F6D4A867}.Release|x86.ActiveCfg = Release|x86
		{FDA37093-F043-4B00-B532-12D4F6D4A867}.Release|x86.Build.0 = Release|x86
		{FDA37093-F043-4B00-B532-12D4F6D4A867}.Release|x86.Deploy.0 = Release|x86
		{92F9FEB4-43A3-4FE8-9CF2-007EED50CAA6}.Ad-Hoc|Any CPU.ActiveCfg = Release|x86
		{92F9FEB4-43A3-4FE8-9CF2-007EED50CAA6}.Ad-Hoc|Any CPU.Build.0 = Release|x86
		{92F9FEB4-43A3-4FE8-9CF2-007EED50CAA6}.Ad-Hoc|Any CPU.Deploy.0 = Release|x86
		{92F9FEB4-43A3-4FE8-9CF2-007EED50CAA6}.Ad-Hoc|ARM.ActiveCfg = Release|ARM
		{92F9FEB4-43A3-4FE8-9CF2-007EED50CAA6}.Ad-Hoc|ARM.Build.0 = Release|ARM
		{92F9FEB4-43A3-4FE8-9CF2-007EED50CAA6}.Ad-Hoc|ARM.Deploy.0 = Release|ARM
		{92F9FEB4-43A3-4FE8-9CF2-007EED50CAA6}.Ad-Hoc|iPhone.ActiveCfg = Release|x86
		{92F9FEB4-43A3-4FE8-9CF2-007EED50CAA6}.Ad-Hoc|iPhone.Build.0 = Release|x86
		{92F9FEB4-43A3-4FE8-9CF2-007EED50CAA6}.Ad-Hoc|iPhone.Deploy.0 = Release|x86
		{92F9FEB4-43A3-4FE8-9CF2-007EED50CAA6}.Ad-Hoc|iPhoneSimulator.ActiveCfg = Release|x86
		{92F9FEB4-43A3-4FE8-9CF2-007EED50CAA6}.Ad-Hoc|iPhoneSimulator.Build.0 = Release|x86
		{92F9FEB4-43A3-4FE8-9CF2-007EED50CAA6}.Ad-Hoc|iPhoneSimulator.Deploy.0 = Release|x86
		{92F9FEB4-43A3-4FE8-9CF2-007EED50CAA6}.Ad-Hoc|x64.ActiveCfg = Release|x64
		{92F9FEB4-43A3-4FE8-9CF2-007EED50CAA6}.Ad-Hoc|x64.Build.0 = Release|x64
		{92F9FEB4-43A3-4FE8-9CF2-007EED50CAA6}.Ad-Hoc|x64.Deploy.0 = Release|x64
		{92F9FEB4-43A3-4FE8-9CF2-007EED50CAA6}.Ad-Hoc|x86.ActiveCfg = Release|x86
		{92F9FEB4-43A3-4FE8-9CF2-007EED50CAA6}.Ad-Hoc|x86.Build.0 = Release|x86
		{92F9FEB4-43A3-4FE8-9CF2-007EED50CAA6}.Ad-Hoc|x86.Deploy.0 = Release|x86
		{92F9FEB4-43A3-4FE8-9CF2-007EED50CAA6}.AppStore|Any CPU.ActiveCfg = Release|x86
		{92F9FEB4-43A3-4FE8-9CF2-007EED50CAA6}.AppStore|Any CPU.Build.0 = Release|x86
		{92F9FEB4-43A3-4FE8-9CF2-007EED50CAA6}.AppStore|Any CPU.Deploy.0 = Release|x86
		{92F9FEB4-43A3-4FE8-9CF2-007EED50CAA6}.AppStore|ARM.ActiveCfg = Release|ARM
		{92F9FEB4-43A3-4FE8-9CF2-007EED50CAA6}.AppStore|ARM.Build.0 = Release|ARM
		{92F9FEB4-43A3-4FE8-9CF2-007EED50CAA6}.AppStore|ARM.Deploy.0 = Release|ARM
		{92F9FEB4-43A3-4FE8-9CF2-007EED50CAA6}.AppStore|iPhone.ActiveCfg = Release|x86
		{92F9FEB4-43A3-4FE8-9CF2-007EED50CAA6}.AppStore|iPhone.Build.0 = Release|x86
		{92F9FEB4-43A3-4FE8-9CF2-007EED50CAA6}.AppStore|iPhone.Deploy.0 = Release|x86
		{92F9FEB4-43A3-4FE8-9CF2-007EED50CAA6}.AppStore|iPhoneSimulator.ActiveCfg = Release|x86
		{92F9FEB4-43A3-4FE8-9CF2-007EED50CAA6}.AppStore|iPhoneSimulator.Build.0 = Release|x86
		{92F9FEB4-43A3-4FE8-9CF2-007EED50CAA6}.AppStore|iPhoneSimulator.Deploy.0 = Release|x86
		{92F9FEB4-43A3-4FE8-9CF2-007EED50CAA6}.AppStore|x64.ActiveCfg = Release|x64
		{92F9FEB4-43A3-4FE8-9CF2-007EED50CAA6}.AppStore|x64.Build.0 = Release|x64
		{92F9FEB4-43A3-4FE8-9CF2-007EED50CAA6}.AppStore|x64.Deploy.0 = Release|x64
		{92F9FEB4-43A3-4FE8-9CF2-007EED50CAA6}.AppStore|x86.ActiveCfg = Release|x86
		{92F9FEB4-43A3-4FE8-9CF2-007EED50CAA6}.AppStore|x86.Build.0 = Release|x86
		{92F9FEB4-43A3-4FE8-9CF2-007EED50CAA6}.AppStore|x86.Deploy.0 = Release|x86
		{92F9FEB4-43A3-4FE8-9CF2-007EED50CAA6}.Debug|Any CPU.ActiveCfg = Debug|x86
		{92F9FEB4-43A3-4FE8-9CF2-007EED50CAA6}.Debug|ARM.ActiveCfg = Debug|ARM
		{92F9FEB4-43A3-4FE8-9CF2-007EED50CAA6}.Debug|ARM.Build.0 = Debug|ARM
		{92F9FEB4-43A3-4FE8-9CF2-007EED50CAA6}.Debug|ARM.Deploy.0 = Debug|ARM
		{92F9FEB4-43A3-4FE8-9CF2-007EED50CAA6}.Debug|iPhone.ActiveCfg = Debug|x86
		{92F9FEB4-43A3-4FE8-9CF2-007EED50CAA6}.Debug|iPhoneSimulator.ActiveCfg = Debug|x86
		{92F9FEB4-43A3-4FE8-9CF2-007EED50CAA6}.Debug|x64.ActiveCfg = Debug|x64
		{92F9FEB4-43A3-4FE8-9CF2-007EED50CAA6}.Debug|x64.Build.0 = Debug|x64
		{92F9FEB4-43A3-4FE8-9CF2-007EED50CAA6}.Debug|x64.Deploy.0 = Debug|x64
		{92F9FEB4-43A3-4FE8-9CF2-007EED50CAA6}.Debug|x86.ActiveCfg = Debug|x86
		{92F9FEB4-43A3-4FE8-9CF2-007EED50CAA6}.Debug|x86.Build.0 = Debug|x86
		{92F9FEB4-43A3-4FE8-9CF2-007EED50CAA6}.Debug|x86.Deploy.0 = Debug|x86
		{92F9FEB4-43A3-4FE8-9CF2-007EED50CAA6}.Release|Any CPU.ActiveCfg = Release|x86
		{92F9FEB4-43A3-4FE8-9CF2-007EED50CAA6}.Release|ARM.ActiveCfg = Release|ARM
		{92F9FEB4-43A3-4FE8-9CF2-007EED50CAA6}.Release|ARM.Build.0 = Release|ARM
		{92F9FEB4-43A3-4FE8-9CF2-007EED50CAA6}.Release|ARM.Deploy.0 = Release|ARM
		{92F9FEB4-43A3-4FE8-9CF2-007EED50CAA6}.Release|iPhone.ActiveCfg = Release|x86
		{92F9FEB4-43A3-4FE8-9CF2-007EED50CAA6}.Release|iPhoneSimulator.ActiveCfg = Release|x86
		{92F9FEB4-43A3-4FE8-9CF2-007EED50CAA6}.Release|x64.ActiveCfg = Release|x64
		{92F9FEB4-43A3-4FE8-9CF2-007EED50CAA6}.Release|x64.Build.0 = Release|x64
		{92F9FEB4-43A3-4FE8-9CF2-007EED50CAA6}.Release|x64.Deploy.0 = Release|x64
		{92F9FEB4-43A3-4FE8-9CF2-007EED50CAA6}.Release|x86.ActiveCfg = Release|x86
		{92F9FEB4-43A3-4FE8-9CF2-007EED50CAA6}.Release|x86.Build.0 = Release|x86
		{92F9FEB4-43A3-4FE8-9CF2-007EED50CAA6}.Release|x86.Deploy.0 = Release|x86
		{41C97429-BBCC-4794-9071-89194F42FB83}.Ad-Hoc|Any CPU.ActiveCfg = Release|Any CPU
		{41C97429-BBCC-4794-9071-89194F42FB83}.Ad-Hoc|Any CPU.Build.0 = Release|Any CPU
		{41C97429-BBCC-4794-9071-89194F42FB83}.Ad-Hoc|Any CPU.Deploy.0 = Release|Any CPU
		{41C97429-BBCC-4794-9071-89194F42FB83}.Ad-Hoc|ARM.ActiveCfg = Release|ARM
		{41C97429-BBCC-4794-9071-89194F42FB83}.Ad-Hoc|ARM.Build.0 = Release|ARM
		{41C97429-BBCC-4794-9071-89194F42FB83}.Ad-Hoc|ARM.Deploy.0 = Release|ARM
		{41C97429-BBCC-4794-9071-89194F42FB83}.Ad-Hoc|iPhone.ActiveCfg = Release|Any CPU
		{41C97429-BBCC-4794-9071-89194F42FB83}.Ad-Hoc|iPhone.Build.0 = Release|Any CPU
		{41C97429-BBCC-4794-9071-89194F42FB83}.Ad-Hoc|iPhone.Deploy.0 = Release|Any CPU
		{41C97429-BBCC-4794-9071-89194F42FB83}.Ad-Hoc|iPhoneSimulator.ActiveCfg = Release|Any CPU
		{41C97429-BBCC-4794-9071-89194F42FB83}.Ad-Hoc|iPhoneSimulator.Build.0 = Release|Any CPU
		{41C97429-BBCC-4794-9071-89194F42FB83}.Ad-Hoc|iPhoneSimulator.Deploy.0 = Release|Any CPU
		{41C97429-BBCC-4794-9071-89194F42FB83}.Ad-Hoc|x64.ActiveCfg = Release|x64
		{41C97429-BBCC-4794-9071-89194F42FB83}.Ad-Hoc|x64.Build.0 = Release|x64
		{41C97429-BBCC-4794-9071-89194F42FB83}.Ad-Hoc|x64.Deploy.0 = Release|x64
		{41C97429-BBCC-4794-9071-89194F42FB83}.Ad-Hoc|x86.ActiveCfg = Release|x86
		{41C97429-BBCC-4794-9071-89194F42FB83}.Ad-Hoc|x86.Build.0 = Release|x86
		{41C97429-BBCC-4794-9071-89194F42FB83}.Ad-Hoc|x86.Deploy.0 = Release|x86
		{41C97429-BBCC-4794-9071-89194F42FB83}.AppStore|Any CPU.ActiveCfg = Release|Any CPU
		{41C97429-BBCC-4794-9071-89194F42FB83}.AppStore|Any CPU.Build.0 = Release|Any CPU
		{41C97429-BBCC-4794-9071-89194F42FB83}.AppStore|Any CPU.Deploy.0 = Release|Any CPU
		{41C97429-BBCC-4794-9071-89194F42FB83}.AppStore|ARM.ActiveCfg = Release|ARM
		{41C97429-BBCC-4794-9071-89194F42FB83}.AppStore|ARM.Build.0 = Release|ARM
		{41C97429-BBCC-4794-9071-89194F42FB83}.AppStore|ARM.Deploy.0 = Release|ARM
		{41C97429-BBCC-4794-9071-89194F42FB83}.AppStore|iPhone.ActiveCfg = Release|Any CPU
		{41C97429-BBCC-4794-9071-89194F42FB83}.AppStore|iPhone.Build.0 = Release|Any CPU
		{41C97429-BBCC-4794-9071-89194F42FB83}.AppStore|iPhone.Deploy.0 = Release|Any CPU
		{41C97429-BBCC-4794-9071-89194F42FB83}.AppStore|iPhoneSimulator.ActiveCfg = Release|Any CPU
		{41C97429-BBCC-4794-9071-89194F42FB83}.AppStore|iPhoneSimulator.Build.0 = Release|Any CPU
		{41C97429-BBCC-4794-9071-89194F42FB83}.AppStore|iPhoneSimulator.Deploy.0 = Release|Any CPU
		{41C97429-BBCC-4794-9071-89194F42FB83}.AppStore|x64.ActiveCfg = Release|x64
		{41C97429-BBCC-4794-9071-89194F42FB83}.AppStore|x64.Build.0 = Release|x64
		{41C97429-BBCC-4794-9071-89194F42FB83}.AppStore|x64.Deploy.0 = Release|x64
		{41C97429-BBCC-4794-9071-89194F42FB83}.AppStore|x86.ActiveCfg = Release|x86
		{41C97429-BBCC-4794-9071-89194F42FB83}.AppStore|x86.Build.0 = Release|x86
		{41C97429-BBCC-4794-9071-89194F42FB83}.AppStore|x86.Deploy.0 = Release|x86
		{41C97429-BBCC-4794-9071-89194F42FB83}.Debug|Any CPU.ActiveCfg = Debug|Any CPU
		{41C97429-BBCC-4794-9071-89194F42FB83}.Debug|Any CPU.Build.0 = Debug|Any CPU
		{41C97429-BBCC-4794-9071-89194F42FB83}.Debug|Any CPU.Deploy.0 = Debug|Any CPU
		{41C97429-BBCC-4794-9071-89194F42FB83}.Debug|ARM.ActiveCfg = Debug|ARM
		{41C97429-BBCC-4794-9071-89194F42FB83}.Debug|ARM.Build.0 = Debug|ARM
		{41C97429-BBCC-4794-9071-89194F42FB83}.Debug|ARM.Deploy.0 = Debug|ARM
		{41C97429-BBCC-4794-9071-89194F42FB83}.Debug|iPhone.ActiveCfg = Debug|Any CPU
		{41C97429-BBCC-4794-9071-89194F42FB83}.Debug|iPhone.Build.0 = Debug|Any CPU
		{41C97429-BBCC-4794-9071-89194F42FB83}.Debug|iPhone.Deploy.0 = Debug|Any CPU
		{41C97429-BBCC-4794-9071-89194F42FB83}.Debug|iPhoneSimulator.ActiveCfg = Debug|Any CPU
		{41C97429-BBCC-4794-9071-89194F42FB83}.Debug|iPhoneSimulator.Build.0 = Debug|Any CPU
		{41C97429-BBCC-4794-9071-89194F42FB83}.Debug|iPhoneSimulator.Deploy.0 = Debug|Any CPU
		{41C97429-BBCC-4794-9071-89194F42FB83}.Debug|x64.ActiveCfg = Debug|x64
		{41C97429-BBCC-4794-9071-89194F42FB83}.Debug|x64.Build.0 = Debug|x64
		{41C97429-BBCC-4794-9071-89194F42FB83}.Debug|x64.Deploy.0 = Debug|x64
		{41C97429-BBCC-4794-9071-89194F42FB83}.Debug|x86.ActiveCfg = Debug|x86
		{41C97429-BBCC-4794-9071-89194F42FB83}.Debug|x86.Build.0 = Debug|x86
		{41C97429-BBCC-4794-9071-89194F42FB83}.Debug|x86.Deploy.0 = Debug|x86
		{41C97429-BBCC-4794-9071-89194F42FB83}.Release|Any CPU.ActiveCfg = Release|Any CPU
		{41C97429-BBCC-4794-9071-89194F42FB83}.Release|Any CPU.Build.0 = Release|Any CPU
		{41C97429-BBCC-4794-9071-89194F42FB83}.Release|Any CPU.Deploy.0 = Release|Any CPU
		{41C97429-BBCC-4794-9071-89194F42FB83}.Release|ARM.ActiveCfg = Release|ARM
		{41C97429-BBCC-4794-9071-89194F42FB83}.Release|ARM.Build.0 = Release|ARM
		{41C97429-BBCC-4794-9071-89194F42FB83}.Release|ARM.Deploy.0 = Release|ARM
		{41C97429-BBCC-4794-9071-89194F42FB83}.Release|iPhone.ActiveCfg = Release|Any CPU
		{41C97429-BBCC-4794-9071-89194F42FB83}.Release|iPhone.Build.0 = Release|Any CPU
		{41C97429-BBCC-4794-9071-89194F42FB83}.Release|iPhone.Deploy.0 = Release|Any CPU
		{41C97429-BBCC-4794-9071-89194F42FB83}.Release|iPhoneSimulator.ActiveCfg = Release|Any CPU
		{41C97429-BBCC-4794-9071-89194F42FB83}.Release|iPhoneSimulator.Build.0 = Release|Any CPU
		{41C97429-BBCC-4794-9071-89194F42FB83}.Release|iPhoneSimulator.Deploy.0 = Release|Any CPU
		{41C97429-BBCC-4794-9071-89194F42FB83}.Release|x64.ActiveCfg = Release|x64
		{41C97429-BBCC-4794-9071-89194F42FB83}.Release|x64.Build.0 = Release|x64
		{41C97429-BBCC-4794-9071-89194F42FB83}.Release|x64.Deploy.0 = Release|x64
		{41C97429-BBCC-4794-9071-89194F42FB83}.Release|x86.ActiveCfg = Release|x86
		{41C97429-BBCC-4794-9071-89194F42FB83}.Release|x86.Build.0 = Release|x86
		{41C97429-BBCC-4794-9071-89194F42FB83}.Release|x86.Deploy.0 = Release|x86
	EndGlobalSection
	GlobalSection(SolutionProperties) = preSolution
		HideSolutionNode = FALSE
	EndGlobalSection
EndGlobal
